
Microsoft Visual Studio Solution File, Format Version 12.00
# Visual Studio Version 16
VisualStudioVersion = 16.0.31313.79
MinimumVisualStudioVersion = 10.0.40219.1
Project("{FAE04EC0-301F-11D3-BF4B-00C04F79EFBC}") = "CompareObjects", "CompareObjects\CompareObjects.csproj", "{2686FD1D-3EF1-44C5-88B2-B43CD422AEAA}"
EndProject
Global
	GlobalSection(SolutionConfigurationPlatforms) = preSolution
		Debug|Any CPU = Debug|Any CPU
		Release|Any CPU = Release|Any CPU
	EndGlobalSection
	GlobalSection(ProjectConfigurationPlatforms) = postSolution
		{2686FD1D-3EF1-44C5-88B2-B43CD422AEAA}.Debug|Any CPU.ActiveCfg = Debug|Any CPU
		{2686FD1D-3EF1-44C5-88B2-B43CD422AEAA}.Debug|Any CPU.Build.0 = Debug|Any CPU
		{2686FD1D-3EF1-44C5-88B2-B43CD422AEAA}.Release|Any CPU.ActiveCfg = Release|Any CPU
		{2686FD1D-3EF1-44C5-88B2-B43CD422AEAA}.Release|Any CPU.Build.0 = Release|Any CPU
	EndGlobalSection
	GlobalSection(SolutionProperties) = preSolution
		HideSolutionNode = FALSE
	EndGlobalSection
	GlobalSection(ExtensibilityGlobals) = postSolution
		SolutionGuid = {485EB26A-DCE3-4BD9-856B-6E15FC2F96BA}
	EndGlobalSection
EndGlobal
